// !$*UTF8*$!
{
	archiveVersion = 1;
	classes = {
	};
	objectVersion = 56;
	objects = {

/* Begin PBXBuildFile section */
		4759DAD92CCEE1FE2982765B /* Pods_TabmanTest.framework in Frameworks */ = {isa = PBXBuildFile; fileRef = 7ED7F01B8297A66797F353C4 /* Pods_TabmanTest.framework */; };
		FA3647712A1EE2C50003A437 /* AppDelegate.swift in Sources */ = {isa = PBXBuildFile; fileRef = FA3647702A1EE2C50003A437 /* AppDelegate.swift */; };
		FA3647732A1EE2C50003A437 /* SceneDelegate.swift in Sources */ = {isa = PBXBuildFile; fileRef = FA3647722A1EE2C50003A437 /* SceneDelegate.swift */; };
		FA3647752A1EE2C50003A437 /* ViewController.swift in Sources */ = {isa = PBXBuildFile; fileRef = FA3647742A1EE2C50003A437 /* ViewController.swift */; };
		FA3647782A1EE2C50003A437 /* Main.storyboard in Resources */ = {isa = PBXBuildFile; fileRef = FA3647762A1EE2C50003A437 /* Main.storyboard */; };
		FA36477A2A1EE2C60003A437 /* Assets.xcassets in Resources */ = {isa = PBXBuildFile; fileRef = FA3647792A1EE2C60003A437 /* Assets.xcassets */; };
		FA36477D2A1EE2C60003A437 /* LaunchScreen.storyboard in Resources */ = {isa = PBXBuildFile; fileRef = FA36477B2A1EE2C60003A437 /* LaunchScreen.storyboard */; };
		FA36478B2A1EE8B00003A437 /* FirstViewController.swift in Sources */ = {isa = PBXBuildFile; fileRef = FA36478A2A1EE8B00003A437 /* FirstViewController.swift */; };
		FA36478D2A1EE8B50003A437 /* SecondViewController.swift in Sources */ = {isa = PBXBuildFile; fileRef = FA36478C2A1EE8B50003A437 /* SecondViewController.swift */; };
		FA36478F2A1EE8C20003A437 /* ThirdViewController.swift in Sources */ = {isa = PBXBuildFile; fileRef = FA36478E2A1EE8C20003A437 /* ThirdViewController.swift */; };
/* End PBXBuildFile section */

/* Begin PBXFileReference section */
		4D409D574B69EB66566AFADA /* Pods-TabmanTest.release.xcconfig */ = {isa = PBXFileReference; includeInIndex = 1; lastKnownFileType = text.xcconfig; name = "Pods-TabmanTest.release.xcconfig"; path = "Target Support Files/Pods-TabmanTest/Pods-TabmanTest.release.xcconfig"; sourceTree = "<group>"; };
		59A89FB0AC16BAB184F14BF1 /* Pods-TabmanTest.debug.xcconfig */ = {isa = PBXFileReference; includeInIndex = 1; lastKnownFileType = text.xcconfig; name = "Pods-TabmanTest.debug.xcconfig"; path = "Target Support Files/Pods-TabmanTest/Pods-TabmanTest.debug.xcconfig"; sourceTree = "<group>"; };
		7ED7F01B8297A66797F353C4 /* Pods_TabmanTest.framework */ = {isa = PBXFileReference; explicitFileType = wrapper.framework; includeInIndex = 0; path = Pods_TabmanTest.framework; sourceTree = BUILT_PRODUCTS_DIR; };
		FA36476D2A1EE2C50003A437 /* TabmanTest.app */ = {isa = PBXFileReference; explicitFileType = wrapper.application; includeInIndex = 0; path = TabmanTest.app; sourceTree = BUILT_PRODUCTS_DIR; };
		FA3647702A1EE2C50003A437 /* AppDelegate.swift */ = {isa = PBXFileReference; lastKnownFileType = sourcecode.swift; path = AppDelegate.swift; sourceTree = "<group>"; };
		FA3647722A1EE2C50003A437 /* SceneDelegate.swift */ = {isa = PBXFileReference; lastKnownFileType = sourcecode.swift; path = SceneDelegate.swift; sourceTree = "<group>"; };
		FA3647742A1EE2C50003A437 /* ViewController.swift */ = {isa = PBXFileReference; lastKnownFileType = sourcecode.swift; path = ViewController.swift; sourceTree = "<group>"; };
		FA3647772A1EE2C50003A437 /* Base */ = {isa = PBXFileReference; lastKnownFileType = file.storyboard; name = Base; path = Base.lproj/Main.storyboard; sourceTree = "<group>"; };
		FA3647792A1EE2C60003A437 /* Assets.xcassets */ = {isa = PBXFileReference; lastKnownFileType = folder.assetcatalog; path = Assets.xcassets; sourceTree = "<group>"; };
		FA36477C2A1EE2C60003A437 /* Base */ = {isa = PBXFileReference; lastKnownFileType = file.storyboard; name = Base; path = Base.lproj/LaunchScreen.storyboard; sourceTree = "<group>"; };
		FA36477E2A1EE2C60003A437 /* Info.plist */ = {isa = PBXFileReference; lastKnownFileType = text.plist.xml; path = Info.plist; sourceTree = "<group>"; };
		FA36478A2A1EE8B00003A437 /* FirstViewController.swift */ = {isa = PBXFileReference; lastKnownFileType = sourcecode.swift; path = FirstViewController.swift; sourceTree = "<group>"; };
		FA36478C2A1EE8B50003A437 /* SecondViewController.swift */ = {isa = PBXFileReference; lastKnownFileType = sourcecode.swift; path = SecondViewController.swift; sourceTree = "<group>"; };
		FA36478E2A1EE8C20003A437 /* ThirdViewController.swift */ = {isa = PBXFileReference; lastKnownFileType = sourcecode.swift; path = ThirdViewController.swift; sourceTree = "<group>"; };
/* End PBXFileReference section */

/* Begin PBXFrameworksBuildPhase section */
		FA36476A2A1EE2C50003A437 /* Frameworks */ = {
			isa = PBXFrameworksBuildPhase;
			buildActionMask = 2147483647;
			files = (
				4759DAD92CCEE1FE2982765B /* Pods_TabmanTest.framework in Frameworks */,
			);
			runOnlyForDeploymentPostprocessing = 0;
		};
/* End PBXFrameworksBuildPhase section */

/* Begin PBXGroup section */
		4E389C82839FCF8D7C9F7313 /* Pods */ = {
			isa = PBXGroup;
			children = (
				59A89FB0AC16BAB184F14BF1 /* Pods-TabmanTest.debug.xcconfig */,
				4D409D574B69EB66566AFADA /* Pods-TabmanTest.release.xcconfig */,
			);
			path = Pods;
			sourceTree = "<group>";
		};
		8050058D9B3666524CB97189 /* Frameworks */ = {
			isa = PBXGroup;
			children = (
				7ED7F01B8297A66797F353C4 /* Pods_TabmanTest.framework */,
			);
			name = Frameworks;
			sourceTree = "<group>";
		};
		FA3647642A1EE2C50003A437 = {
			isa = PBXGroup;
			children = (
				FA36476F2A1EE2C50003A437 /* TabmanTest */,
				FA36476E2A1EE2C50003A437 /* Products */,
				4E389C82839FCF8D7C9F7313 /* Pods */,
				8050058D9B3666524CB97189 /* Frameworks */,
			);
			sourceTree = "<group>";
		};
		FA36476E2A1EE2C50003A437 /* Products */ = {
			isa = PBXGroup;
			children = (
				FA36476D2A1EE2C50003A437 /* TabmanTest.app */,
			);
			name = Products;
			sourceTree = "<group>";
		};
		FA36476F2A1EE2C50003A437 /* TabmanTest */ = {
			isa = PBXGroup;
			children = (
				FA3647702A1EE2C50003A437 /* AppDelegate.swift */,
				FA3647722A1EE2C50003A437 /* SceneDelegate.swift */,
				FA3647742A1EE2C50003A437 /* ViewController.swift */,
				FA36478A2A1EE8B00003A437 /* FirstViewController.swift */,
				FA36478C2A1EE8B50003A437 /* SecondViewController.swift */,
				FA36478E2A1EE8C20003A437 /* ThirdViewController.swift */,
				FA3647762A1EE2C50003A437 /* Main.storyboard */,
				FA3647792A1EE2C60003A437 /* Assets.xcassets */,
				FA36477B2A1EE2C60003A437 /* LaunchScreen.storyboard */,
				FA36477E2A1EE2C60003A437 /* Info.plist */,
			);
			path = TabmanTest;
			sourceTree = "<group>";
		};
/* End PBXGroup section */

/* Begin PBXNativeTarget section */
		FA36476C2A1EE2C50003A437 /* TabmanTest */ = {
			isa = PBXNativeTarget;
			buildConfigurationList = FA3647812A1EE2C60003A437 /* Build configuration list for PBXNativeTarget "TabmanTest" */;
			buildPhases = (
				5C38541D142AE78BAF44223B /* [CP] Check Pods Manifest.lock */,
				FA3647692A1EE2C50003A437 /* Sources */,
				FA36476A2A1EE2C50003A437 /* Frameworks */,
				FA36476B2A1EE2C50003A437 /* Resources */,
				918F1853EFD6E5B47E04A8D6 /* [CP] Embed Pods Frameworks */,
			);
			buildRules = (
			);
			dependencies = (
			);
			name = TabmanTest;
			productName = TabmanTest;
			productReference = FA36476D2A1EE2C50003A437 /* TabmanTest.app */;
			productType = "com.apple.product-type.application";
		};
/* End PBXNativeTarget section */

/* Begin PBXProject section */
		FA3647652A1EE2C50003A437 /* Project object */ = {
			isa = PBXProject;
			attributes = {
				BuildIndependentTargetsInParallel = 1;
				LastSwiftUpdateCheck = 1430;
				LastUpgradeCheck = 1430;
				TargetAttributes = {
					FA36476C2A1EE2C50003A437 = {
						CreatedOnToolsVersion = 14.3;
					};
				};
			};
			buildConfigurationList = FA3647682A1EE2C50003A437 /* Build configuration list for PBXProject "TabmanTest" */;
			compatibilityVersion = "Xcode 14.0";
			developmentRegion = en;
			hasScannedForEncodings = 0;
			knownRegions = (
				en,
				Base,
			);
			mainGroup = FA3647642A1EE2C50003A437;
			productRefGroup = FA36476E2A1EE2C50003A437 /* Products */;
			projectDirPath = "";
			projectRoot = "";
			targets = (
				FA36476C2A1EE2C50003A437 /* TabmanTest */,
			);
		};
/* End PBXProject section */

/* Begin PBXResourcesBuildPhase section */
		FA36476B2A1EE2C50003A437 /* Resources */ = {
			isa = PBXResourcesBuildPhase;
			buildActionMask = 2147483647;
			files = (
				FA36477D2A1EE2C60003A437 /* LaunchScreen.storyboard in Resources */,
				FA36477A2A1EE2C60003A437 /* Assets.xcassets in Resources */,
				FA3647782A1EE2C50003A437 /* Main.storyboard in Resources */,
			);
			runOnlyForDeploymentPostprocessing = 0;
		};
/* End PBXResourcesBuildPhase section */

/* Begin PBXShellScriptBuildPhase section */
		5C38541D142AE78BAF44223B /* [CP] Check Pods Manifest.lock */ = {
			isa = PBXShellScriptBuildPhase;
			buildActionMask = 2147483647;
			files = (
			);
			inputFileListPaths = (
			);
			inputPaths = (
				"${PODS_PODFILE_DIR_PATH}/Podfile.lock",
				"${PODS_ROOT}/Manifest.lock",
			);
			name = "[CP] Check Pods Manifest.lock";
			outputFileListPaths = (
			);
			outputPaths = (
				"$(DERIVED_FILE_DIR)/Pods-TabmanTest-checkManifestLockResult.txt",
			);
			runOnlyForDeploymentPostprocessing = 0;
			shellPath = /bin/sh;
			shellScript = "diff \"${PODS_PODFILE_DIR_PATH}/Podfile.lock\" \"${PODS_ROOT}/Manifest.lock\" > /dev/null\nif [ $? != 0 ] ; then\n    # print error to STDERR\n    echo \"error: The sandbox is not in sync with the Podfile.lock. Run 'pod install' or update your CocoaPods installation.\" >&2\n    exit 1\nfi\n# This output is used by Xcode 'outputs' to avoid re-running this script phase.\necho \"SUCCESS\" > \"${SCRIPT_OUTPUT_FILE_0}\"\n";
			showEnvVarsInLog = 0;
		};
		918F1853EFD6E5B47E04A8D6 /* [CP] Embed Pods Frameworks */ = {
			isa = PBXShellScriptBuildPhase;
			buildActionMask = 2147483647;
			files = (
			);
			inputFileListPaths = (
				"${PODS_ROOT}/Target Support Files/Pods-TabmanTest/Pods-TabmanTest-frameworks-${CONFIGURATION}-input-files.xcfilelist",
			);
			name = "[CP] Embed Pods Frameworks";
			outputFileListPaths = (
				"${PODS_ROOT}/Target Support Files/Pods-TabmanTest/Pods-TabmanTest-frameworks-${CONFIGURATION}-output-files.xcfilelist",
			);
			runOnlyForDeploymentPostprocessing = 0;
			shellPath = /bin/sh;
			shellScript = "\"${PODS_ROOT}/Target Support Files/Pods-TabmanTest/Pods-TabmanTest-frameworks.sh\"\n";
			showEnvVarsInLog = 0;
		};
/* End PBXShellScriptBuildPhase section */

/* Begin PBXSourcesBuildPhase section */
		FA3647692A1EE2C50003A437 /* Sources */ = {
			isa = PBXSourcesBuildPhase;
			buildActionMask = 2147483647;
			files = (
				FA3647752A1EE2C50003A437 /* ViewController.swift in Sources */,
				FA3647712A1EE2C50003A437 /* AppDelegate.swift in Sources */,
				FA3647732A1EE2C50003A437 /* SceneDelegate.swift in Sources */,
				FA36478D2A1EE8B50003A437 /* SecondViewController.swift in Sources */,
				FA36478F2A1EE8C20003A437 /* ThirdViewController.swift in Sources */,
				FA36478B2A1EE8B00003A437 /* FirstViewController.swift in Sources */,
			);
			runOnlyForDeploymentPostprocessing = 0;
		};
/* End PBXSourcesBuildPhase section */

/* Begin PBXVariantGroup section */
		FA3647762A1EE2C50003A437 /* Main.storyboard */ = {
			isa = PBXVariantGroup;
			children = (
				FA3647772A1EE2C50003A437 /* Base */,
			);
			name = Main.storyboard;
			sourceTree = "<group>";
		};
		FA36477B2A1EE2C60003A437 /* LaunchScreen.storyboard */ = {
			isa = PBXVariantGroup;
			children = (
				FA36477C2A1EE2C60003A437 /* Base */,
			);
			name = LaunchScreen.storyboard;
			sourceTree = "<group>";
		};
/* End PBXVariantGroup section */

/* Begin XCBuildConfiguration section */
		FA36477F2A1EE2C60003A437 /* Debug */ = {
			isa = XCBuildConfiguration;
			buildSettings = {
				ALWAYS_SEARCH_USER_PATHS = NO;
				CLANG_ANALYZER_NONNULL = YES;
				CLANG_ANALYZER_NUMBER_OBJECT_CONVERSION = YES_AGGRESSIVE;
				CLANG_CXX_LANGUAGE_STANDARD = "gnu++20";
				CLANG_ENABLE_MODULES = YES;
				CLANG_ENABLE_OBJC_ARC = YES;
				CLANG_ENABLE_OBJC_WEAK = YES;
				CLANG_WARN_BLOCK_CAPTURE_AUTORELEASING = YES;
				CLANG_WARN_BOOL_CONVERSION = YES;
				CLANG_WARN_COMMA = YES;
				CLANG_WARN_CONSTANT_CONVERSION = YES;
				CLANG_WARN_DEPRECATED_OBJC_IMPLEMENTATIONS = YES;
				CLANG_WARN_DIRECT_OBJC_ISA_USAGE = YES_ERROR;
				CLANG_WARN_DOCUMENTATION_COMMENTS = YES;
				CLANG_WARN_EMPTY_BODY = YES;
				CLANG_WARN_ENUM_CONVERSION = YES;
				CLANG_WARN_INFINITE_RECURSION = YES;
				CLANG_WARN_INT_CONVERSION = YES;
				CLANG_WARN_NON_LITERAL_NULL_CONVERSION = YES;
				CLANG_WARN_OBJC_IMPLICIT_RETAIN_SELF = YES;
				CLANG_WARN_OBJC_LITERAL_CONVERSION = YES;
				CLANG_WARN_OBJC_ROOT_CLASS = YES_ERROR;
				CLANG_WARN_QUOTED_INCLUDE_IN_FRAMEWORK_HEADER = YES;
				CLANG_WARN_RANGE_LOOP_ANALYSIS = YES;
				CLANG_WARN_STRICT_PROTOTYPES = YES;
				CLANG_WARN_SUSPICIOUS_MOVE = YES;
				CLANG_WARN_UNGUARDED_AVAILABILITY = YES_AGGRESSIVE;
				CLANG_WARN_UNREACHABLE_CODE = YES;
				CLANG_WARN__DUPLICATE_METHOD_MATCH = YES;
				COPY_PHASE_STRIP = NO;
				DEBUG_INFORMATION_FORMAT = dwarf;
				ENABLE_STRICT_OBJC_MSGSEND = YES;
				ENABLE_TESTABILITY = YES;
				GCC_C_LANGUAGE_STANDARD = gnu11;
				GCC_DYNAMIC_NO_PIC = NO;
				GCC_NO_COMMON_BLOCKS = YES;
				GCC_OPTIMIZATION_LEVEL = 0;
				GCC_PREPROCESSOR_DEFINITIONS = (
					"DEBUG=1",
					"$(inherited)",
				);
				GCC_WARN_64_TO_32_BIT_CONVERSION = YES;
				GCC_WARN_ABOUT_RETURN_TYPE = YES_ERROR;
				GCC_WARN_UNDECLARED_SELECTOR = YES;
				GCC_WARN_UNINITIALIZED_AUTOS = YES_AGGRESSIVE;
				GCC_WARN_UNUSED_FUNCTION = YES;
				GCC_WARN_UNUSED_VARIABLE = YES;
				IPHONEOS_DEPLOYMENT_TARGET = 16.4;
				MTL_ENABLE_DEBUG_INFO = INCLUDE_SOURCE;
				MTL_FAST_MATH = YES;
				ONLY_ACTIVE_ARCH = YES;
				SDKROOT = iphoneos;
				SWIFT_ACTIVE_COMPILATION_CONDITIONS = DEBUG;
				SWIFT_OPTIMIZATION_LEVEL = "-Onone";
			};
			name = Debug;
		};
		FA3647802A1EE2C60003A437 /* Release */ = {
			isa = XCBuildConfiguration;
			buildSettings = {
				ALWAYS_SEARCH_USER_PATHS = NO;
				CLANG_ANALYZER_NONNULL = YES;
				CLANG_ANALYZER_NUMBER_OBJECT_CONVERSION = YES_AGGRESSIVE;
				CLANG_CXX_LANGUAGE_STANDARD = "gnu++20";
				CLANG_ENABLE_MODULES = YES;
				CLANG_ENABLE_OBJC_ARC = YES;
				CLANG_ENABLE_OBJC_WEAK = YES;
				CLANG_WARN_BLOCK_CAPTURE_AUTORELEASING = YES;
				CLANG_WARN_BOOL_CONVERSION = YES;
				CLANG_WARN_COMMA = YES;
				CLANG_WARN_CONSTANT_CONVERSION = YES;
				CLANG_WARN_DEPRECATED_OBJC_IMPLEMENTATIONS = YES;
				CLANG_WARN_DIRECT_OBJC_ISA_USAGE = YES_ERROR;
				CLANG_WARN_DOCUMENTATION_COMMENTS = YES;
				CLANG_WARN_EMPTY_BODY = YES;
				CLANG_WARN_ENUM_CONVERSION = YES;
				CLANG_WARN_INFINITE_RECURSION = YES;
				CLANG_WARN_INT_CONVERSION = YES;
				CLANG_WARN_NON_LITERAL_NULL_CONVERSION = YES;
				CLANG_WARN_OBJC_IMPLICIT_RETAIN_SELF = YES;
				CLANG_WARN_OBJC_LITERAL_CONVERSION = YES;
				CLANG_WARN_OBJC_ROOT_CLASS = YES_ERROR;
				CLANG_WARN_QUOTED_INCLUDE_IN_FRAMEWORK_HEADER = YES;
				CLANG_WARN_RANGE_LOOP_ANALYSIS = YES;
				CLANG_WARN_STRICT_PROTOTYPES = YES;
				CLANG_WARN_SUSPICIOUS_MOVE = YES;
				CLANG_WARN_UNGUARDED_AVAILABILITY = YES_AGGRESSIVE;
				CLANG_WARN_UNREACHABLE_CODE = YES;
				CLANG_WARN__DUPLICATE_METHOD_MATCH = YES;
				COPY_PHASE_STRIP = NO;
				DEBUG_INFORMATION_FORMAT = "dwarf-with-dsym";
				ENABLE_NS_ASSERTIONS = NO;
				ENABLE_STRICT_OBJC_MSGSEND = YES;
				GCC_C_LANGUAGE_STANDARD = gnu11;
				GCC_NO_COMMON_BLOCKS = YES;
				GCC_WARN_64_TO_32_BIT_CONVERSION = YES;
				GCC_WARN_ABOUT_RETURN_TYPE = YES_ERROR;
				GCC_WARN_UNDECLARED_SELECTOR = YES;
				GCC_WARN_UNINITIALIZED_AUTOS = YES_AGGRESSIVE;
				GCC_WARN_UNUSED_FUNCTION = YES;
				GCC_WARN_UNUSED_VARIABLE = YES;
				IPHONEOS_DEPLOYMENT_TARGET = 16.4;
				MTL_ENABLE_DEBUG_INFO = NO;
				MTL_FAST_MATH = YES;
				SDKROOT = iphoneos;
				SWIFT_COMPILATION_MODE = wholemodule;
				SWIFT_OPTIMIZATION_LEVEL = "-O";
				VALIDATE_PRODUCT = YES;
			};
			name = Release;
		};
		FA3647822A1EE2C60003A437 /* Debug */ = {
			isa = XCBuildConfiguration;
			baseConfigurationReference = 59A89FB0AC16BAB184F14BF1 /* Pods-TabmanTest.debug.xcconfig */;
			buildSettings = {
				ASSETCATALOG_COMPILER_APPICON_NAME = AppIcon;
				ASSETCATALOG_COMPILER_GLOBAL_ACCENT_COLOR_NAME = AccentColor;
				CODE_SIGN_STYLE = Automatic;
				CURRENT_PROJECT_VERSION = 1;
				GENERATE_INFOPLIST_FILE = YES;
				INFOPLIST_FILE = TabmanTest/Info.plist;
				INFOPLIST_KEY_UIApplicationSupportsIndirectInputEvents = YES;
				INFOPLIST_KEY_UILaunchStoryboardName = LaunchScreen;
				INFOPLIST_KEY_UIMainStoryboardFile = Main;
				INFOPLIST_KEY_UISupportedInterfaceOrientations_iPad = "UIInterfaceOrientationPortrait UIInterfaceOrientationPortraitUpsideDown UIInterfaceOrientationLandscapeLeft UIInterfaceOrientationLandscapeRight";
				INFOPLIST_KEY_UISupportedInterfaceOrientations_iPhone = "UIInterfaceOrientationPortrait UIInterfaceOrientationLandscapeLeft UIInterfaceOrientationLandscapeRight";
				LD_RUNPATH_SEARCH_PATHS = (
					"$(inherited)",
					"@executable_path/Frameworks",
				);
				MARKETING_VERSION = 1.0;
				PRODUCT_BUNDLE_IDENTIFIER = Henry.TabmanTest;
				PRODUCT_NAME = "$(TARGET_NAME)";
				SWIFT_EMIT_LOC_STRINGS = YES;
				SWIFT_VERSION = 5.0;
				TARGETED_DEVICE_FAMILY = "1,2";
			};
			name = Debug;
		};
		FA3647832A1EE2C60003A437 /* Release */ = {
			isa = XCBuildConfiguration;
			baseConfigurationReference = 4D409D574B69EB66566AFADA /* Pods-TabmanTest.release.xcconfig */;
			buildSettings = {
				ASSETCATALOG_COMPILER_APPICON_NAME = AppIcon;
				ASSETCATALOG_COMPILER_GLOBAL_ACCENT_COLOR_NAME = AccentColor;
				CODE_SIGN_STYLE = Automatic;
				CURRENT_PROJECT_VERSION = 1;
				GENERATE_INFOPLIST_FILE = YES;
				INFOPLIST_FILE = TabmanTest/Info.plist;
				INFOPLIST_KEY_UIApplicationSupportsIndirectInputEvents = YES;
				INFOPLIST_KEY_UILaunchStoryboardName = LaunchScreen;
				INFOPLIST_KEY_UIMainStoryboardFile = Main;
				INFOPLIST_KEY_UISupportedInterfaceOrientations_iPad = "UIInterfaceOrientationPortrait UIInterfaceOrientationPortraitUpsideDown UIInterfaceOrientationLandscapeLeft UIInterfaceOrientationLandscapeRight";
				INFOPLIST_KEY_UISupportedInterfaceOrientations_iPhone = "UIInterfaceOrientationPortrait UIInterfaceOrientationLandscapeLeft UIInterfaceOrientationLandscapeRight";
				LD_RUNPATH_SEARCH_PATHS = (
					"$(inherited)",
					"@executable_path/Frameworks",
				);
				MARKETING_VERSION = 1.0;
				PRODUCT_BUNDLE_IDENTIFIER = Henry.TabmanTest;
				PRODUCT_NAME = "$(TARGET_NAME)";
				SWIFT_EMIT_LOC_STRINGS = YES;
				SWIFT_VERSION = 5.0;
				TARGETED_DEVICE_FAMILY = "1,2";
			};
			name = Release;
		};
/* End XCBuildConfiguration section */

/* Begin XCConfigurationList section */
		FA3647682A1EE2C50003A437 /* Build configuration list for PBXProject "TabmanTest" */ = {
			isa = XCConfigurationList;
			buildConfigurations = (
				FA36477F2A1EE2C60003A437 /* Debug */,
				FA3647802A1EE2C60003A437 /* Release */,
			);
			defaultConfigurationIsVisible = 0;
			defaultConfigurationName = Release;
		};
		FA3647812A1EE2C60003A437 /* Build configuration list for PBXNativeTarget "TabmanTest" */ = {
			isa = XCConfigurationList;
			buildConfigurations = (
				FA3647822A1EE2C60003A437 /* Debug */,
				FA3647832A1EE2C60003A437 /* Release */,
			);
			defaultConfigurationIsVisible = 0;
			defaultConfigurationName = Release;
		};
/* End XCConfigurationList section */
	};
	rootObject = FA3647652A1EE2C50003A437 /* Project object */;
}
